
Microsoft Visual Studio Solution File, Format Version 12.00
# Visual Studio Version 16
VisualStudioVersion = 16.0.31624.102
MinimumVisualStudioVersion = 10.0.40219.1
Project("{FAE04EC0-301F-11D3-BF4B-00C04F79EFBC}") = "FinalProject", "FinalProject\FinalProject.csproj", "{48378B05-3D7F-492D-99AC-4B533DC70EA7}"
EndProject
Project("{FAE04EC0-301F-11D3-BF4B-00C04F79EFBC}") = "MainProject.DAL", "MainProject.DAL\MainProject.DAL.csproj", "{4EFC4BC6-57AA-49DC-9EB2-DDACD3AF9E00}"
EndProject
Project("{FAE04EC0-301F-11D3-BF4B-00C04F79EFBC}") = "MainProject.Services", "MainProject.Services\MainProject.Services.csproj", "{3FE2DB89-4950-4612-B2EB-12B9C47A9D90}"
EndProject
Global
	GlobalSection(SolutionConfigurationPlatforms) = preSolution
		Debug|Any CPU = Debug|Any CPU
		Release|Any CPU = Release|Any CPU
	EndGlobalSection
	GlobalSection(ProjectConfigurationPlatforms) = postSolution
		{48378B05-3D7F-492D-99AC-4B533DC70EA7}.Debug|Any CPU.ActiveCfg = Debug|Any CPU
		{48378B05-3D7F-492D-99AC-4B533DC70EA7}.Debug|Any CPU.Build.0 = Debug|Any CPU
		{48378B05-3D7F-492D-99AC-4B533DC70EA7}.Release|Any CPU.ActiveCfg = Release|Any CPU
		{48378B05-3D7F-492D-99AC-4B533DC70EA7}.Release|Any CPU.Build.0 = Release|Any CPU
		{4EFC4BC6-57AA-49DC-9EB2-DDACD3AF9E00}.Debug|Any CPU.ActiveCfg = Debug|Any CPU
		{4EFC4BC6-57AA-49DC-9EB2-DDACD3AF9E00}.Debug|Any CPU.Build.0 = Debug|Any CPU
		{4EFC4BC6-57AA-49DC-9EB2-DDACD3AF9E00}.Release|Any CPU.ActiveCfg = Release|Any CPU
		{4EFC4BC6-57AA-49DC-9EB2-DDACD3AF9E00}.Release|Any CPU.Build.0 = Release|Any CPU
		{3FE2DB89-4950-4612-B2EB-12B9C47A9D90}.Debug|Any CPU.ActiveCfg = Debug|Any CPU
		{3FE2DB89-4950-4612-B2EB-12B9C47A9D90}.Debug|Any CPU.Build.0 = Debug|Any CPU
		{3FE2DB89-4950-4612-B2EB-12B9C47A9D90}.Release|Any CPU.ActiveCfg = Release|Any CPU
		{3FE2DB89-4950-4612-B2EB-12B9C47A9D90}.Release|Any CPU.Build.0 = Release|Any CPU
	EndGlobalSection
	GlobalSection(SolutionProperties) = preSolution
		HideSolutionNode = FALSE
	EndGlobalSection
	GlobalSection(ExtensibilityGlobals) = postSolution
		SolutionGuid = {EAB15DF4-BBD5-4E97-B2BF-1CBC5A50065E}
	EndGlobalSection
EndGlobal
